// !$*UTF8*$!
{
	archiveVersion = 1;
	classes = {
	};
	objectVersion = 46;
	objects = {

/* Begin PBXBuildFile section */
		59DC942F6986B61548F0F7CB /* libPods-iOS_youbiSystemTests.a in Frameworks */ = {isa = PBXBuildFile; fileRef = 64896EE0B6B5CB5BEA68338C /* libPods-iOS_youbiSystemTests.a */; };
		60460B955E0737245E4F6F26 /* libPods-iOS_youbiSystemUITests.a in Frameworks */ = {isa = PBXBuildFile; fileRef = 2DE6D7541CC32B4749915120 /* libPods-iOS_youbiSystemUITests.a */; };
		60570E511D33704400ED6886 /* main.m in Sources */ = {isa = PBXBuildFile; fileRef = 60570E501D33704400ED6886 /* main.m */; };
		60570E541D33704400ED6886 /* AppDelegate.m in Sources */ = {isa = PBXBuildFile; fileRef = 60570E531D33704400ED6886 /* AppDelegate.m */; };
		60570E571D33704400ED6886 /* ViewController.m in Sources */ = {isa = PBXBuildFile; fileRef = 60570E561D33704400ED6886 /* ViewController.m */; };
		60570E5A1D33704400ED6886 /* Main.storyboard in Resources */ = {isa = PBXBuildFile; fileRef = 60570E581D33704400ED6886 /* Main.storyboard */; };
		60570E5C1D33704400ED6886 /* Assets.xcassets in Resources */ = {isa = PBXBuildFile; fileRef = 60570E5B1D33704400ED6886 /* Assets.xcassets */; };
		60570E5F1D33704400ED6886 /* LaunchScreen.storyboard in Resources */ = {isa = PBXBuildFile; fileRef = 60570E5D1D33704400ED6886 /* LaunchScreen.storyboard */; };
		60570E6A1D33704400ED6886 /* iOS_youbiSystemTests.m in Sources */ = {isa = PBXBuildFile; fileRef = 60570E691D33704400ED6886 /* iOS_youbiSystemTests.m */; };
		60570E751D33704400ED6886 /* iOS_youbiSystemUITests.m in Sources */ = {isa = PBXBuildFile; fileRef = 60570E741D33704400ED6886 /* iOS_youbiSystemUITests.m */; };
		60570E871D3372C900ED6886 /* UserLoginTool.m in Sources */ = {isa = PBXBuildFile; fileRef = 60570E861D3372C900ED6886 /* UserLoginTool.m */; };
		60570E9F1D3372E200ED6886 /* NSData+NSDataDeal.m in Sources */ = {isa = PBXBuildFile; fileRef = 60570E8A1D3372E200ED6886 /* NSData+NSDataDeal.m */; };
		60570EA01D3372E200ED6886 /* NSDictionary+EXTERN.m in Sources */ = {isa = PBXBuildFile; fileRef = 60570E8C1D3372E200ED6886 /* NSDictionary+EXTERN.m */; };
		60570EA11D3372E200ED6886 /* NSString+EXTERN.m in Sources */ = {isa = PBXBuildFile; fileRef = 60570E8E1D3372E200ED6886 /* NSString+EXTERN.m */; };
		60570EA71D3372E200ED6886 /* UITableView+CJ.m in Sources */ = {isa = PBXBuildFile; fileRef = 60570E9A1D3372E200ED6886 /* UITableView+CJ.m */; };
		60570EA91D3372E200ED6886 /* UIViewController+NAV.m in Sources */ = {isa = PBXBuildFile; fileRef = 60570E9E1D3372E200ED6886 /* UIViewController+NAV.m */; };
		60570EB31D3379EE00ED6886 /* Base64Util.m in Sources */ = {isa = PBXBuildFile; fileRef = 60570EAD1D3379EE00ED6886 /* Base64Util.m */; };
		60570EB41D3379EE00ED6886 /* GTMBase64.m in Sources */ = {isa = PBXBuildFile; fileRef = 60570EAF1D3379EE00ED6886 /* GTMBase64.m */; };
		60570EB51D3379EE00ED6886 /* MD5Encryption.m in Sources */ = {isa = PBXBuildFile; fileRef = 60570EB21D3379EE00ED6886 /* MD5Encryption.m */; };
		AB28D67BFD02C11ABA97F034 /* libPods-iOS_youbiSystem.a in Frameworks */ = {isa = PBXBuildFile; fileRef = 13A865F9043D4DF60454D487 /* libPods-iOS_youbiSystem.a */; };
/* End PBXBuildFile section */

/* Begin PBXContainerItemProxy section */
		60570E661D33704400ED6886 /* PBXContainerItemProxy */ = {
			isa = PBXContainerItemProxy;
			containerPortal = 60570E441D33704300ED6886 /* Project object */;
			proxyType = 1;
			remoteGlobalIDString = 60570E4B1D33704300ED6886;
			remoteInfo = iOS_youbiSystem;
		};
		60570E711D33704400ED6886 /* PBXContainerItemProxy */ = {
			isa = PBXContainerItemProxy;
			containerPortal = 60570E441D33704300ED6886 /* Project object */;
			proxyType = 1;
			remoteGlobalIDString = 60570E4B1D33704300ED6886;
			remoteInfo = iOS_youbiSystem;
		};
/* End PBXContainerItemProxy section */

/* Begin PBXFileReference section */
		071B07C21BC67D5612CFDCC8 /* Pods-iOS_youbiSystemTests.release.xcconfig */ = {isa = PBXFileReference; includeInIndex = 1; lastKnownFileType = text.xcconfig; name = "Pods-iOS_youbiSystemTests.release.xcconfig"; path = "Pods/Target Support Files/Pods-iOS_youbiSystemTests/Pods-iOS_youbiSystemTests.release.xcconfig"; sourceTree = "<group>"; };
		13A865F9043D4DF60454D487 /* libPods-iOS_youbiSystem.a */ = {isa = PBXFileReference; explicitFileType = archive.ar; includeInIndex = 0; path = "libPods-iOS_youbiSystem.a"; sourceTree = BUILT_PRODUCTS_DIR; };
		2DE6D7541CC32B4749915120 /* libPods-iOS_youbiSystemUITests.a */ = {isa = PBXFileReference; explicitFileType = archive.ar; includeInIndex = 0; path = "libPods-iOS_youbiSystemUITests.a"; sourceTree = BUILT_PRODUCTS_DIR; };
		5EDBE6F2EC6D02EFE49AEC31 /* Pods-iOS_youbiSystemUITests.release.xcconfig */ = {isa = PBXFileReference; includeInIndex = 1; lastKnownFileType = text.xcconfig; name = "Pods-iOS_youbiSystemUITests.release.xcconfig"; path = "Pods/Target Support Files/Pods-iOS_youbiSystemUITests/Pods-iOS_youbiSystemUITests.release.xcconfig"; sourceTree = "<group>"; };
		60570E4C1D33704300ED6886 /* iOS_youbiSystem.app */ = {isa = PBXFileReference; explicitFileType = wrapper.application; includeInIndex = 0; path = iOS_youbiSystem.app; sourceTree = BUILT_PRODUCTS_DIR; };
		60570E501D33704400ED6886 /* main.m */ = {isa = PBXFileReference; lastKnownFileType = sourcecode.c.objc; path = main.m; sourceTree = "<group>"; };
		60570E521D33704400ED6886 /* AppDelegate.h */ = {isa = PBXFileReference; lastKnownFileType = sourcecode.c.h; path = AppDelegate.h; sourceTree = "<group>"; };
		60570E531D33704400ED6886 /* AppDelegate.m */ = {isa = PBXFileReference; lastKnownFileType = sourcecode.c.objc; path = AppDelegate.m; sourceTree = "<group>"; };
		60570E551D33704400ED6886 /* ViewController.h */ = {isa = PBXFileReference; lastKnownFileType = sourcecode.c.h; path = ViewController.h; sourceTree = "<group>"; };
		60570E561D33704400ED6886 /* ViewController.m */ = {isa = PBXFileReference; lastKnownFileType = sourcecode.c.objc; path = ViewController.m; sourceTree = "<group>"; };
		60570E591D33704400ED6886 /* Base */ = {isa = PBXFileReference; lastKnownFileType = file.storyboard; name = Base; path = Base.lproj/Main.storyboard; sourceTree = "<group>"; };
		60570E5B1D33704400ED6886 /* Assets.xcassets */ = {isa = PBXFileReference; lastKnownFileType = folder.assetcatalog; path = Assets.xcassets; sourceTree = "<group>"; };
		60570E5E1D33704400ED6886 /* Base */ = {isa = PBXFileReference; lastKnownFileType = file.storyboard; name = Base; path = Base.lproj/LaunchScreen.storyboard; sourceTree = "<group>"; };
		60570E601D33704400ED6886 /* Info.plist */ = {isa = PBXFileReference; lastKnownFileType = text.plist.xml; path = Info.plist; sourceTree = "<group>"; };
		60570E651D33704400ED6886 /* iOS_youbiSystemTests.xctest */ = {isa = PBXFileReference; explicitFileType = wrapper.cfbundle; includeInIndex = 0; path = iOS_youbiSystemTests.xctest; sourceTree = BUILT_PRODUCTS_DIR; };
		60570E691D33704400ED6886 /* iOS_youbiSystemTests.m */ = {isa = PBXFileReference; lastKnownFileType = sourcecode.c.objc; path = iOS_youbiSystemTests.m; sourceTree = "<group>"; };
		60570E6B1D33704400ED6886 /* Info.plist */ = {isa = PBXFileReference; lastKnownFileType = text.plist.xml; path = Info.plist; sourceTree = "<group>"; };
		60570E701D33704400ED6886 /* iOS_youbiSystemUITests.xctest */ = {isa = PBXFileReference; explicitFileType = wrapper.cfbundle; includeInIndex = 0; path = iOS_youbiSystemUITests.xctest; sourceTree = BUILT_PRODUCTS_DIR; };
		60570E741D33704400ED6886 /* iOS_youbiSystemUITests.m */ = {isa = PBXFileReference; lastKnownFileType = sourcecode.c.objc; path = iOS_youbiSystemUITests.m; sourceTree = "<group>"; };
		60570E761D33704400ED6886 /* Info.plist */ = {isa = PBXFileReference; lastKnownFileType = text.plist.xml; path = Info.plist; sourceTree = "<group>"; };
		60570E851D3372C900ED6886 /* UserLoginTool.h */ = {isa = PBXFileReference; fileEncoding = 4; lastKnownFileType = sourcecode.c.h; path = UserLoginTool.h; sourceTree = "<group>"; };
		60570E861D3372C900ED6886 /* UserLoginTool.m */ = {isa = PBXFileReference; fileEncoding = 4; lastKnownFileType = sourcecode.c.objc; path = UserLoginTool.m; sourceTree = "<group>"; };
		60570E891D3372E200ED6886 /* NSData+NSDataDeal.h */ = {isa = PBXFileReference; fileEncoding = 4; lastKnownFileType = sourcecode.c.h; path = "NSData+NSDataDeal.h"; sourceTree = "<group>"; };
		60570E8A1D3372E200ED6886 /* NSData+NSDataDeal.m */ = {isa = PBXFileReference; fileEncoding = 4; lastKnownFileType = sourcecode.c.objc; path = "NSData+NSDataDeal.m"; sourceTree = "<group>"; };
		60570E8B1D3372E200ED6886 /* NSDictionary+EXTERN.h */ = {isa = PBXFileReference; fileEncoding = 4; lastKnownFileType = sourcecode.c.h; path = "NSDictionary+EXTERN.h"; sourceTree = "<group>"; };
		60570E8C1D3372E200ED6886 /* NSDictionary+EXTERN.m */ = {isa = PBXFileReference; fileEncoding = 4; lastKnownFileType = sourcecode.c.objc; path = "NSDictionary+EXTERN.m"; sourceTree = "<group>"; };
		60570E8D1D3372E200ED6886 /* NSString+EXTERN.h */ = {isa = PBXFileReference; fileEncoding = 4; lastKnownFileType = sourcecode.c.h; path = "NSString+EXTERN.h"; sourceTree = "<group>"; };
		60570E8E1D3372E200ED6886 /* NSString+EXTERN.m */ = {isa = PBXFileReference; fileEncoding = 4; lastKnownFileType = sourcecode.c.objc; path = "NSString+EXTERN.m"; sourceTree = "<group>"; };
		60570E991D3372E200ED6886 /* UITableView+CJ.h */ = {isa = PBXFileReference; fileEncoding = 4; lastKnownFileType = sourcecode.c.h; path = "UITableView+CJ.h"; sourceTree = "<group>"; };
		60570E9A1D3372E200ED6886 /* UITableView+CJ.m */ = {isa = PBXFileReference; fileEncoding = 4; lastKnownFileType = sourcecode.c.objc; path = "UITableView+CJ.m"; sourceTree = "<group>"; };
		60570E9D1D3372E200ED6886 /* UIViewController+NAV.h */ = {isa = PBXFileReference; fileEncoding = 4; lastKnownFileType = sourcecode.c.h; path = "UIViewController+NAV.h"; sourceTree = "<group>"; };
		60570E9E1D3372E200ED6886 /* UIViewController+NAV.m */ = {isa = PBXFileReference; fileEncoding = 4; lastKnownFileType = sourcecode.c.objc; path = "UIViewController+NAV.m"; sourceTree = "<group>"; };
		60570EAA1D33730600ED6886 /* PrefixHeader.pch */ = {isa = PBXFileReference; lastKnownFileType = sourcecode.c.h; path = PrefixHeader.pch; sourceTree = "<group>"; };
		60570EAC1D3379EE00ED6886 /* Base64Util.h */ = {isa = PBXFileReference; fileEncoding = 4; lastKnownFileType = sourcecode.c.h; path = Base64Util.h; sourceTree = "<group>"; };
		60570EAD1D3379EE00ED6886 /* Base64Util.m */ = {isa = PBXFileReference; fileEncoding = 4; lastKnownFileType = sourcecode.c.objc; path = Base64Util.m; sourceTree = "<group>"; };
		60570EAE1D3379EE00ED6886 /* GTMBase64.h */ = {isa = PBXFileReference; fileEncoding = 4; lastKnownFileType = sourcecode.c.h; path = GTMBase64.h; sourceTree = "<group>"; };
		60570EAF1D3379EE00ED6886 /* GTMBase64.m */ = {isa = PBXFileReference; fileEncoding = 4; lastKnownFileType = sourcecode.c.objc; path = GTMBase64.m; sourceTree = "<group>"; };
		60570EB01D3379EE00ED6886 /* GTMDefines.h */ = {isa = PBXFileReference; fileEncoding = 4; lastKnownFileType = sourcecode.c.h; path = GTMDefines.h; sourceTree = "<group>"; };
		60570EB11D3379EE00ED6886 /* MD5Encryption.h */ = {isa = PBXFileReference; fileEncoding = 4; lastKnownFileType = sourcecode.c.h; path = MD5Encryption.h; sourceTree = "<group>"; };
		60570EB21D3379EE00ED6886 /* MD5Encryption.m */ = {isa = PBXFileReference; fileEncoding = 4; lastKnownFileType = sourcecode.c.objc; path = MD5Encryption.m; sourceTree = "<group>"; };
		64896EE0B6B5CB5BEA68338C /* libPods-iOS_youbiSystemTests.a */ = {isa = PBXFileReference; explicitFileType = archive.ar; includeInIndex = 0; path = "libPods-iOS_youbiSystemTests.a"; sourceTree = BUILT_PRODUCTS_DIR; };
		66ED9CECE1F591F64C792B8C /* Pods-iOS_youbiSystemTests.debug.xcconfig */ = {isa = PBXFileReference; includeInIndex = 1; lastKnownFileType = text.xcconfig; name = "Pods-iOS_youbiSystemTests.debug.xcconfig"; path = "Pods/Target Support Files/Pods-iOS_youbiSystemTests/Pods-iOS_youbiSystemTests.debug.xcconfig"; sourceTree = "<group>"; };
		A1C807CD072BC559462E37F2 /* Pods-iOS_youbiSystemUITests.debug.xcconfig */ = {isa = PBXFileReference; includeInIndex = 1; lastKnownFileType = text.xcconfig; name = "Pods-iOS_youbiSystemUITests.debug.xcconfig"; path = "Pods/Target Support Files/Pods-iOS_youbiSystemUITests/Pods-iOS_youbiSystemUITests.debug.xcconfig"; sourceTree = "<group>"; };
		CE60464DC01F28AD9DFBBA21 /* Pods-iOS_youbiSystem.debug.xcconfig */ = {isa = PBXFileReference; includeInIndex = 1; lastKnownFileType = text.xcconfig; name = "Pods-iOS_youbiSystem.debug.xcconfig"; path = "Pods/Target Support Files/Pods-iOS_youbiSystem/Pods-iOS_youbiSystem.debug.xcconfig"; sourceTree = "<group>"; };
		F15F9BE785CE2FCDEDFAC57E /* Pods-iOS_youbiSystem.release.xcconfig */ = {isa = PBXFileReference; includeInIndex = 1; lastKnownFileType = text.xcconfig; name = "Pods-iOS_youbiSystem.release.xcconfig"; path = "Pods/Target Support Files/Pods-iOS_youbiSystem/Pods-iOS_youbiSystem.release.xcconfig"; sourceTree = "<group>"; };
/* End PBXFileReference section */

/* Begin PBXFrameworksBuildPhase section */
		60570E491D33704300ED6886 /* Frameworks */ = {
			isa = PBXFrameworksBuildPhase;
			buildActionMask = 2147483647;
			files = (
				AB28D67BFD02C11ABA97F034 /* libPods-iOS_youbiSystem.a in Frameworks */,
			);
			runOnlyForDeploymentPostprocessing = 0;
		};
		60570E621D33704400ED6886 /* Frameworks */ = {
			isa = PBXFrameworksBuildPhase;
			buildActionMask = 2147483647;
			files = (
				59DC942F6986B61548F0F7CB /* libPods-iOS_youbiSystemTests.a in Frameworks */,
			);
			runOnlyForDeploymentPostprocessing = 0;
		};
		60570E6D1D33704400ED6886 /* Frameworks */ = {
			isa = PBXFrameworksBuildPhase;
			buildActionMask = 2147483647;
			files = (
				60460B955E0737245E4F6F26 /* libPods-iOS_youbiSystemUITests.a in Frameworks */,
			);
			runOnlyForDeploymentPostprocessing = 0;
		};
/* End PBXFrameworksBuildPhase section */

/* Begin PBXGroup section */
		60570E431D33704300ED6886 = {
			isa = PBXGroup;
			children = (
				60570E4E1D33704400ED6886 /* iOS_youbiSystem */,
				60570E681D33704400ED6886 /* iOS_youbiSystemTests */,
				60570E731D33704400ED6886 /* iOS_youbiSystemUITests */,
				60570E4D1D33704300ED6886 /* Products */,
				B83A657FB6681385236EEF90 /* Pods */,
				ED35653131FD9152D4501C13 /* Frameworks */,
			);
			sourceTree = "<group>";
		};
		60570E4D1D33704300ED6886 /* Products */ = {
			isa = PBXGroup;
			children = (
				60570E4C1D33704300ED6886 /* iOS_youbiSystem.app */,
				60570E651D33704400ED6886 /* iOS_youbiSystemTests.xctest */,
				60570E701D33704400ED6886 /* iOS_youbiSystemUITests.xctest */,
			);
			name = Products;
			sourceTree = "<group>";
		};
		60570E4E1D33704400ED6886 /* iOS_youbiSystem */ = {
			isa = PBXGroup;
			children = (
				60570E821D33726D00ED6886 /* Class */,
				60570E521D33704400ED6886 /* AppDelegate.h */,
				60570E531D33704400ED6886 /* AppDelegate.m */,
				60570E551D33704400ED6886 /* ViewController.h */,
				60570E561D33704400ED6886 /* ViewController.m */,
				60570E581D33704400ED6886 /* Main.storyboard */,
				60570E5B1D33704400ED6886 /* Assets.xcassets */,
				60570E5D1D33704400ED6886 /* LaunchScreen.storyboard */,
				60570E601D33704400ED6886 /* Info.plist */,
				60570EAA1D33730600ED6886 /* PrefixHeader.pch */,
				60570E4F1D33704400ED6886 /* Supporting Files */,
			);
			path = iOS_youbiSystem;
			sourceTree = "<group>";
		};
		60570E4F1D33704400ED6886 /* Supporting Files */ = {
			isa = PBXGroup;
			children = (
				60570E501D33704400ED6886 /* main.m */,
			);
			name = "Supporting Files";
			sourceTree = "<group>";
		};
		60570E681D33704400ED6886 /* iOS_youbiSystemTests */ = {
			isa = PBXGroup;
			children = (
				60570E691D33704400ED6886 /* iOS_youbiSystemTests.m */,
				60570E6B1D33704400ED6886 /* Info.plist */,
			);
			path = iOS_youbiSystemTests;
			sourceTree = "<group>";
		};
		60570E731D33704400ED6886 /* iOS_youbiSystemUITests */ = {
			isa = PBXGroup;
			children = (
				60570E741D33704400ED6886 /* iOS_youbiSystemUITests.m */,
				60570E761D33704400ED6886 /* Info.plist */,
			);
			path = iOS_youbiSystemUITests;
			sourceTree = "<group>";
		};
		60570E821D33726D00ED6886 /* Class */ = {
			isa = PBXGroup;
			children = (
				60570E831D33726D00ED6886 /* other */,
			);
			path = Class;
			sourceTree = "<group>";
		};
		60570E831D33726D00ED6886 /* other */ = {
			isa = PBXGroup;
			children = (
				60570EAB1D3379EE00ED6886 /* Encryption */,
				60570E881D3372E200ED6886 /* 扩展 */,
				60570E841D3372C900ED6886 /* AFNNetTool */,
			);
			path = other;
			sourceTree = "<group>";
		};
		60570E841D3372C900ED6886 /* AFNNetTool */ = {
			isa = PBXGroup;
			children = (
				60570E851D3372C900ED6886 /* UserLoginTool.h */,
				60570E861D3372C900ED6886 /* UserLoginTool.m */,
			);
			path = AFNNetTool;
			sourceTree = "<group>";
		};
		60570E881D3372E200ED6886 /* 扩展 */ = {
			isa = PBXGroup;
			children = (
				60570E891D3372E200ED6886 /* NSData+NSDataDeal.h */,
				60570E8A1D3372E200ED6886 /* NSData+NSDataDeal.m */,
				60570E8B1D3372E200ED6886 /* NSDictionary+EXTERN.h */,
				60570E8C1D3372E200ED6886 /* NSDictionary+EXTERN.m */,
				60570E8D1D3372E200ED6886 /* NSString+EXTERN.h */,
				60570E8E1D3372E200ED6886 /* NSString+EXTERN.m */,
				60570E991D3372E200ED6886 /* UITableView+CJ.h */,
				60570E9A1D3372E200ED6886 /* UITableView+CJ.m */,
				60570E9D1D3372E200ED6886 /* UIViewController+NAV.h */,
				60570E9E1D3372E200ED6886 /* UIViewController+NAV.m */,
			);
			path = "扩展";
			sourceTree = "<group>";
		};
		60570EAB1D3379EE00ED6886 /* Encryption */ = {
			isa = PBXGroup;
			children = (
				60570EAC1D3379EE00ED6886 /* Base64Util.h */,
				60570EAD1D3379EE00ED6886 /* Base64Util.m */,
				60570EAE1D3379EE00ED6886 /* GTMBase64.h */,
				60570EAF1D3379EE00ED6886 /* GTMBase64.m */,
				60570EB01D3379EE00ED6886 /* GTMDefines.h */,
				60570EB11D3379EE00ED6886 /* MD5Encryption.h */,
				60570EB21D3379EE00ED6886 /* MD5Encryption.m */,
			);
			path = Encryption;
			sourceTree = "<group>";
		};
		B83A657FB6681385236EEF90 /* Pods */ = {
			isa = PBXGroup;
			children = (
				CE60464DC01F28AD9DFBBA21 /* Pods-iOS_youbiSystem.debug.xcconfig */,
				F15F9BE785CE2FCDEDFAC57E /* Pods-iOS_youbiSystem.release.xcconfig */,
				66ED9CECE1F591F64C792B8C /* Pods-iOS_youbiSystemTests.debug.xcconfig */,
				071B07C21BC67D5612CFDCC8 /* Pods-iOS_youbiSystemTests.release.xcconfig */,
				A1C807CD072BC559462E37F2 /* Pods-iOS_youbiSystemUITests.debug.xcconfig */,
				5EDBE6F2EC6D02EFE49AEC31 /* Pods-iOS_youbiSystemUITests.release.xcconfig */,
			);
			name = Pods;
			sourceTree = "<group>";
		};
		ED35653131FD9152D4501C13 /* Frameworks */ = {
			isa = PBXGroup;
			children = (
				13A865F9043D4DF60454D487 /* libPods-iOS_youbiSystem.a */,
				64896EE0B6B5CB5BEA68338C /* libPods-iOS_youbiSystemTests.a */,
				2DE6D7541CC32B4749915120 /* libPods-iOS_youbiSystemUITests.a */,
			);
			name = Frameworks;
			sourceTree = "<group>";
		};
/* End PBXGroup section */

/* Begin PBXNativeTarget section */
		60570E4B1D33704300ED6886 /* iOS_youbiSystem */ = {
			isa = PBXNativeTarget;
			buildConfigurationList = 60570E791D33704400ED6886 /* Build configuration list for PBXNativeTarget "iOS_youbiSystem" */;
			buildPhases = (
				05BCC7619B2617C37509FCFB /* [CP] Check Pods Manifest.lock */,
				60570E481D33704300ED6886 /* Sources */,
				60570E491D33704300ED6886 /* Frameworks */,
				60570E4A1D33704300ED6886 /* Resources */,
				A156059BB822B9ADF0E57045 /* [CP] Embed Pods Frameworks */,
				4D08F38CE854F60C1AAC56CE /* [CP] Copy Pods Resources */,
			);
			buildRules = (
			);
			dependencies = (
			);
			name = iOS_youbiSystem;
			productName = iOS_youbiSystem;
			productReference = 60570E4C1D33704300ED6886 /* iOS_youbiSystem.app */;
			productType = "com.apple.product-type.application";
		};
		60570E641D33704400ED6886 /* iOS_youbiSystemTests */ = {
			isa = PBXNativeTarget;
			buildConfigurationList = 60570E7C1D33704400ED6886 /* Build configuration list for PBXNativeTarget "iOS_youbiSystemTests" */;
			buildPhases = (
				F30016BFEFBF59691806E43F /* [CP] Check Pods Manifest.lock */,
				60570E611D33704400ED6886 /* Sources */,
				60570E621D33704400ED6886 /* Frameworks */,
				60570E631D33704400ED6886 /* Resources */,
				4BF118B9C1598773030BEFD1 /* [CP] Embed Pods Frameworks */,
				46A85DFBB419A9ABDD5B2034 /* [CP] Copy Pods Resources */,
			);
			buildRules = (
			);
			dependencies = (
				60570E671D33704400ED6886 /* PBXTargetDependency */,
			);
			name = iOS_youbiSystemTests;
			productName = iOS_youbiSystemTests;
			productReference = 60570E651D33704400ED6886 /* iOS_youbiSystemTests.xctest */;
			productType = "com.apple.product-type.bundle.unit-test";
		};
		60570E6F1D33704400ED6886 /* iOS_youbiSystemUITests */ = {
			isa = PBXNativeTarget;
			buildConfigurationList = 60570E7F1D33704400ED6886 /* Build configuration list for PBXNativeTarget "iOS_youbiSystemUITests" */;
			buildPhases = (
				AEDEA6BCAC882AB1C9175FDB /* [CP] Check Pods Manifest.lock */,
				60570E6C1D33704400ED6886 /* Sources */,
				60570E6D1D33704400ED6886 /* Frameworks */,
				60570E6E1D33704400ED6886 /* Resources */,
				FD71221B1EA3FAD7FFB02879 /* [CP] Copy Pods Resources */,
			);
			buildRules = (
			);
			dependencies = (
				60570E721D33704400ED6886 /* PBXTargetDependency */,
			);
			name = iOS_youbiSystemUITests;
			productName = iOS_youbiSystemUITests;
			productReference = 60570E701D33704400ED6886 /* iOS_youbiSystemUITests.xctest */;
			productType = "com.apple.product-type.bundle.ui-testing";
		};
/* End PBXNativeTarget section */

/* Begin PBXProject section */
		60570E441D33704300ED6886 /* Project object */ = {
			isa = PBXProject;
			attributes = {
				LastUpgradeCheck = 0730;
				ORGANIZATIONNAME = cyjd;
				TargetAttributes = {
					60570E4B1D33704300ED6886 = {
						CreatedOnToolsVersion = 7.3.1;
					};
					60570E641D33704400ED6886 = {
						CreatedOnToolsVersion = 7.3.1;
						TestTargetID = 60570E4B1D33704300ED6886;
					};
					60570E6F1D33704400ED6886 = {
						CreatedOnToolsVersion = 7.3.1;
						TestTargetID = 60570E4B1D33704300ED6886;
					};
				};
			};
			buildConfigurationList = 60570E471D33704300ED6886 /* Build configuration list for PBXProject "iOS_youbiSystem" */;
			compatibilityVersion = "Xcode 3.2";
			developmentRegion = English;
			hasScannedForEncodings = 0;
			knownRegions = (
				en,
				Base,
			);
			mainGroup = 60570E431D33704300ED6886;
			productRefGroup = 60570E4D1D33704300ED6886 /* Products */;
			projectDirPath = "";
			projectRoot = "";
			targets = (
				60570E4B1D33704300ED6886 /* iOS_youbiSystem */,
				60570E641D33704400ED6886 /* iOS_youbiSystemTests */,
				60570E6F1D33704400ED6886 /* iOS_youbiSystemUITests */,
			);
		};
/* End PBXProject section */

/* Begin PBXResourcesBuildPhase section */
		60570E4A1D33704300ED6886 /* Resources */ = {
			isa = PBXResourcesBuildPhase;
			buildActionMask = 2147483647;
			files = (
				60570E5F1D33704400ED6886 /* LaunchScreen.storyboard in Resources */,
				60570E5C1D33704400ED6886 /* Assets.xcassets in Resources */,
				60570E5A1D33704400ED6886 /* Main.storyboard in Resources */,
			);
			runOnlyForDeploymentPostprocessing = 0;
		};
		60570E631D33704400ED6886 /* Resources */ = {
			isa = PBXResourcesBuildPhase;
			buildActionMask = 2147483647;
			files = (
			);
			runOnlyForDeploymentPostprocessing = 0;
		};
		60570E6E1D33704400ED6886 /* Resources */ = {
			isa = PBXResourcesBuildPhase;
			buildActionMask = 2147483647;
			files = (
			);
			runOnlyForDeploymentPostprocessing = 0;
		};
/* End PBXResourcesBuildPhase section */

/* Begin PBXShellScriptBuildPhase section */
		05BCC7619B2617C37509FCFB /* [CP] Check Pods Manifest.lock */ = {
			isa = PBXShellScriptBuildPhase;
			buildActionMask = 2147483647;
			files = (
			);
			inputPaths = (
			);
			name = "[CP] Check Pods Manifest.lock";
			outputPaths = (
			);
			runOnlyForDeploymentPostprocessing = 0;
			shellPath = /bin/sh;
			shellScript = "diff \"${PODS_ROOT}/../Podfile.lock\" \"${PODS_ROOT}/Manifest.lock\" > /dev/null\nif [[ $? != 0 ]] ; then\n    cat << EOM\nerror: The sandbox is not in sync with the Podfile.lock. Run 'pod install' or update your CocoaPods installation.\nEOM\n    exit 1\nfi\n";
			showEnvVarsInLog = 0;
		};
		46A85DFBB419A9ABDD5B2034 /* [CP] Copy Pods Resources */ = {
			isa = PBXShellScriptBuildPhase;
			buildActionMask = 2147483647;
			files = (
			);
			inputPaths = (
			);
			name = "[CP] Copy Pods Resources";
			outputPaths = (
			);
			runOnlyForDeploymentPostprocessing = 0;
			shellPath = /bin/sh;
			shellScript = "\"${SRCROOT}/Pods/Target Support Files/Pods-iOS_youbiSystemTests/Pods-iOS_youbiSystemTests-resources.sh\"\n";
			showEnvVarsInLog = 0;
		};
		4BF118B9C1598773030BEFD1 /* [CP] Embed Pods Frameworks */ = {
			isa = PBXShellScriptBuildPhase;
			buildActionMask = 2147483647;
			files = (
			);
			inputPaths = (
			);
			name = "[CP] Embed Pods Frameworks";
			outputPaths = (
			);
			runOnlyForDeploymentPostprocessing = 0;
			shellPath = /bin/sh;
			shellScript = "\"${SRCROOT}/Pods/Target Support Files/Pods-iOS_youbiSystemTests/Pods-iOS_youbiSystemTests-frameworks.sh\"\n";
			showEnvVarsInLog = 0;
		};
		4D08F38CE854F60C1AAC56CE /* [CP] Copy Pods Resources */ = {
			isa = PBXShellScriptBuildPhase;
			buildActionMask = 2147483647;
			files = (
			);
			inputPaths = (
			);
			name = "[CP] Copy Pods Resources";
			outputPaths = (
			);
			runOnlyForDeploymentPostprocessing = 0;
			shellPath = /bin/sh;
			shellScript = "\"${SRCROOT}/Pods/Target Support Files/Pods-iOS_youbiSystem/Pods-iOS_youbiSystem-resources.sh\"\n";
			showEnvVarsInLog = 0;
		};
		A156059BB822B9ADF0E57045 /* [CP] Embed Pods Frameworks */ = {
			isa = PBXShellScriptBuildPhase;
			buildActionMask = 2147483647;
			files = (
			);
			inputPaths = (
			);
			name = "[CP] Embed Pods Frameworks";
			outputPaths = (
			);
			runOnlyForDeploymentPostprocessing = 0;
			shellPath = /bin/sh;
			shellScript = "\"${SRCROOT}/Pods/Target Support Files/Pods-iOS_youbiSystem/Pods-iOS_youbiSystem-frameworks.sh\"\n";
			showEnvVarsInLog = 0;
		};
		AEDEA6BCAC882AB1C9175FDB /* [CP] Check Pods Manifest.lock */ = {
			isa = PBXShellScriptBuildPhase;
			buildActionMask = 2147483647;
			files = (
			);
			inputPaths = (
			);
			name = "[CP] Check Pods Manifest.lock";
			outputPaths = (
			);
			runOnlyForDeploymentPostprocessing = 0;
			shellPath = /bin/sh;
			shellScript = "diff \"${PODS_ROOT}/../Podfile.lock\" \"${PODS_ROOT}/Manifest.lock\" > /dev/null\nif [[ $? != 0 ]] ; then\n    cat << EOM\nerror: The sandbox is not in sync with the Podfile.lock. Run 'pod install' or update your CocoaPods installation.\nEOM\n    exit 1\nfi\n";
			showEnvVarsInLog = 0;
		};
		F30016BFEFBF59691806E43F /* [CP] Check Pods Manifest.lock */ = {
			isa = PBXShellScriptBuildPhase;
			buildActionMask = 2147483647;
			files = (
			);
			inputPaths = (
			);
			name = "[CP] Check Pods Manifest.lock";
			outputPaths = (
			);
			runOnlyForDeploymentPostprocessing = 0;
			shellPath = /bin/sh;
			shellScript = "diff \"${PODS_ROOT}/../Podfile.lock\" \"${PODS_ROOT}/Manifest.lock\" > /dev/null\nif [[ $? != 0 ]] ; then\n    cat << EOM\nerror: The sandbox is not in sync with the Podfile.lock. Run 'pod install' or update your CocoaPods installation.\nEOM\n    exit 1\nfi\n";
			showEnvVarsInLog = 0;
		};
		FD71221B1EA3FAD7FFB02879 /* [CP] Copy Pods Resources */ = {
			isa = PBXShellScriptBuildPhase;
			buildActionMask = 2147483647;
			files = (
			);
			inputPaths = (
			);
			name = "[CP] Copy Pods Resources";
			outputPaths = (
			);
			runOnlyForDeploymentPostprocessing = 0;
			shellPath = /bin/sh;
			shellScript = "\"${SRCROOT}/Pods/Target Support Files/Pods-iOS_youbiSystemUITests/Pods-iOS_youbiSystemUITests-resources.sh\"\n";
			showEnvVarsInLog = 0;
		};
/* End PBXShellScriptBuildPhase section */

/* Begin PBXSourcesBuildPhase section */
		60570E481D33704300ED6886 /* Sources */ = {
			isa = PBXSourcesBuildPhase;
			buildActionMask = 2147483647;
			files = (
				60570EA71D3372E200ED6886 /* UITableView+CJ.m in Sources */,
				60570E871D3372C900ED6886 /* UserLoginTool.m in Sources */,
				60570E571D33704400ED6886 /* ViewController.m in Sources */,
				60570E541D33704400ED6886 /* AppDelegate.m in Sources */,
				60570EA91D3372E200ED6886 /* UIViewController+NAV.m in Sources */,
				60570EB31D3379EE00ED6886 /* Base64Util.m in Sources */,
				60570E9F1D3372E200ED6886 /* NSData+NSDataDeal.m in Sources */,
				60570EA01D3372E200ED6886 /* NSDictionary+EXTERN.m in Sources */,
				60570EB51D3379EE00ED6886 /* MD5Encryption.m in Sources */,
				60570EB41D3379EE00ED6886 /* GTMBase64.m in Sources */,
				60570EA11D3372E200ED6886 /* NSString+EXTERN.m in Sources */,
				60570E511D33704400ED6886 /* main.m in Sources */,
			);
			runOnlyForDeploymentPostprocessing = 0;
		};
		60570E611D33704400ED6886 /* Sources */ = {
			isa = PBXSourcesBuildPhase;
			buildActionMask = 2147483647;
			files = (
				60570E6A1D33704400ED6886 /* iOS_youbiSystemTests.m in Sources */,
			);
			runOnlyForDeploymentPostprocessing = 0;
		};
		60570E6C1D33704400ED6886 /* Sources */ = {
			isa = PBXSourcesBuildPhase;
			buildActionMask = 2147483647;
			files = (
				60570E751D33704400ED6886 /* iOS_youbiSystemUITests.m in Sources */,
			);
			runOnlyForDeploymentPostprocessing = 0;
		};
/* End PBXSourcesBuildPhase section */

/* Begin PBXTargetDependency section */
		60570E671D33704400ED6886 /* PBXTargetDependency */ = {
			isa = PBXTargetDependency;
			target = 60570E4B1D33704300ED6886 /* iOS_youbiSystem */;
			targetProxy = 60570E661D33704400ED6886 /* PBXContainerItemProxy */;
		};
		60570E721D33704400ED6886 /* PBXTargetDependency */ = {
			isa = PBXTargetDependency;
			target = 60570E4B1D33704300ED6886 /* iOS_youbiSystem */;
			targetProxy = 60570E711D33704400ED6886 /* PBXContainerItemProxy */;
		};
/* End PBXTargetDependency section */

/* Begin PBXVariantGroup section */
		60570E581D33704400ED6886 /* Main.storyboard */ = {
			isa = PBXVariantGroup;
			children = (
				60570E591D33704400ED6886 /* Base */,
			);
			name = Main.storyboard;
			sourceTree = "<group>";
		};
		60570E5D1D33704400ED6886 /* LaunchScreen.storyboard */ = {
			isa = PBXVariantGroup;
			children = (
				60570E5E1D33704400ED6886 /* Base */,
			);
			name = LaunchScreen.storyboard;
			sourceTree = "<group>";
		};
/* End PBXVariantGroup section */

/* Begin XCBuildConfiguration section */
		60570E771D33704400ED6886 /* Debug */ = {
			isa = XCBuildConfiguration;
			buildSettings = {
				ALWAYS_SEARCH_USER_PATHS = NO;
				CLANG_ANALYZER_NONNULL = YES;
				CLANG_CXX_LANGUAGE_STANDARD = "gnu++0x";
				CLANG_CXX_LIBRARY = "libc++";
				CLANG_ENABLE_MODULES = YES;
				CLANG_ENABLE_OBJC_ARC = YES;
				CLANG_WARN_BOOL_CONVERSION = YES;
				CLANG_WARN_CONSTANT_CONVERSION = YES;
				CLANG_WARN_DIRECT_OBJC_ISA_USAGE = YES_ERROR;
				CLANG_WARN_EMPTY_BODY = YES;
				CLANG_WARN_ENUM_CONVERSION = YES;
				CLANG_WARN_INT_CONVERSION = YES;
				CLANG_WARN_OBJC_ROOT_CLASS = YES_ERROR;
				CLANG_WARN_UNREACHABLE_CODE = YES;
				CLANG_WARN__DUPLICATE_METHOD_MATCH = YES;
				"CODE_SIGN_IDENTITY[sdk=iphoneos*]" = "iPhone Developer";
				COPY_PHASE_STRIP = NO;
				DEBUG_INFORMATION_FORMAT = dwarf;
				ENABLE_STRICT_OBJC_MSGSEND = YES;
				ENABLE_TESTABILITY = YES;
				GCC_C_LANGUAGE_STANDARD = gnu99;
				GCC_DYNAMIC_NO_PIC = NO;
				GCC_NO_COMMON_BLOCKS = YES;
				GCC_OPTIMIZATION_LEVEL = 0;
				GCC_PREPROCESSOR_DEFINITIONS = (
					"DEBUG=1",
					"$(inherited)",
				);
				GCC_WARN_64_TO_32_BIT_CONVERSION = YES;
				GCC_WARN_ABOUT_RETURN_TYPE = YES_ERROR;
				GCC_WARN_UNDECLARED_SELECTOR = YES;
				GCC_WARN_UNINITIALIZED_AUTOS = YES_AGGRESSIVE;
				GCC_WARN_UNUSED_FUNCTION = YES;
				GCC_WARN_UNUSED_VARIABLE = YES;
				IPHONEOS_DEPLOYMENT_TARGET = 9.3;
				MTL_ENABLE_DEBUG_INFO = YES;
				ONLY_ACTIVE_ARCH = YES;
				SDKROOT = iphoneos;
			};
			name = Debug;
		};
		60570E781D33704400ED6886 /* Release */ = {
			isa = XCBuildConfiguration;
			buildSettings = {
				ALWAYS_SEARCH_USER_PATHS = NO;
				CLANG_ANALYZER_NONNULL = YES;
				CLANG_CXX_LANGUAGE_STANDARD = "gnu++0x";
				CLANG_CXX_LIBRARY = "libc++";
				CLANG_ENABLE_MODULES = YES;
				CLANG_ENABLE_OBJC_ARC = YES;
				CLANG_WARN_BOOL_CONVERSION = YES;
				CLANG_WARN_CONSTANT_CONVERSION = YES;
				CLANG_WARN_DIRECT_OBJC_ISA_USAGE = YES_ERROR;
				CLANG_WARN_EMPTY_BODY = YES;
				CLANG_WARN_ENUM_CONVERSION = YES;
				CLANG_WARN_INT_CONVERSION = YES;
				CLANG_WARN_OBJC_ROOT_CLASS = YES_ERROR;
				CLANG_WARN_UNREACHABLE_CODE = YES;
				CLANG_WARN__DUPLICATE_METHOD_MATCH = YES;
				"CODE_SIGN_IDENTITY[sdk=iphoneos*]" = "iPhone Developer";
				COPY_PHASE_STRIP = NO;
				DEBUG_INFORMATION_FORMAT = "dwarf-with-dsym";
				ENABLE_NS_ASSERTIONS = NO;
				ENABLE_STRICT_OBJC_MSGSEND = YES;
				GCC_C_LANGUAGE_STANDARD = gnu99;
				GCC_NO_COMMON_BLOCKS = YES;
				GCC_WARN_64_TO_32_BIT_CONVERSION = YES;
				GCC_WARN_ABOUT_RETURN_TYPE = YES_ERROR;
				GCC_WARN_UNDECLARED_SELECTOR = YES;
				GCC_WARN_UNINITIALIZED_AUTOS = YES_AGGRESSIVE;
				GCC_WARN_UNUSED_FUNCTION = YES;
				GCC_WARN_UNUSED_VARIABLE = YES;
				IPHONEOS_DEPLOYMENT_TARGET = 9.3;
				MTL_ENABLE_DEBUG_INFO = NO;
				SDKROOT = iphoneos;
				VALIDATE_PRODUCT = YES;
			};
			name = Release;
		};
		60570E7A1D33704400ED6886 /* Debug */ = {
			isa = XCBuildConfiguration;
			baseConfigurationReference = CE60464DC01F28AD9DFBBA21 /* Pods-iOS_youbiSystem.debug.xcconfig */;
			buildSettings = {
				ASSETCATALOG_COMPILER_APPICON_NAME = AppIcon;
				GCC_PRECOMPILE_PREFIX_HEADER = YES;
				GCC_PREFIX_HEADER = iOS_youbiSystem/PrefixHeader.pch;
				INFOPLIST_FILE = iOS_youbiSystem/Info.plist;
				LD_RUNPATH_SEARCH_PATHS = "$(inherited) @executable_path/Frameworks";
				PRODUCT_BUNDLE_IDENTIFIER = "huotu.iOS-youbiSystem";
				PRODUCT_NAME = "$(TARGET_NAME)";
			};
			name = Debug;
		};
		60570E7B1D33704400ED6886 /* Release */ = {
			isa = XCBuildConfiguration;
			baseConfigurationReference = F15F9BE785CE2FCDEDFAC57E /* Pods-iOS_youbiSystem.release.xcconfig */;
			buildSettings = {
				ASSETCATALOG_COMPILER_APPICON_NAME = AppIcon;
				GCC_PRECOMPILE_PREFIX_HEADER = YES;
				GCC_PREFIX_HEADER = iOS_youbiSystem/PrefixHeader.pch;
				INFOPLIST_FILE = iOS_youbiSystem/Info.plist;
				LD_RUNPATH_SEARCH_PATHS = "$(inherited) @executable_path/Frameworks";
				PRODUCT_BUNDLE_IDENTIFIER = "huotu.iOS-youbiSystem";
				PRODUCT_NAME = "$(TARGET_NAME)";
			};
			name = Release;
		};
		60570E7D1D33704400ED6886 /* Debug */ = {
			isa = XCBuildConfiguration;
			baseConfigurationReference = 66ED9CECE1F591F64C792B8C /* Pods-iOS_youbiSystemTests.debug.xcconfig */;
			buildSettings = {
				BUNDLE_LOADER = "$(TEST_HOST)";
				INFOPLIST_FILE = iOS_youbiSystemTests/Info.plist;
				LD_RUNPATH_SEARCH_PATHS = "$(inherited) @executable_path/Frameworks @loader_path/Frameworks";
				PRODUCT_BUNDLE_IDENTIFIER = "huotu.iOS-youbiSystemTests";
				PRODUCT_NAME = "$(TARGET_NAME)";
				TEST_HOST = "$(BUILT_PRODUCTS_DIR)/iOS_youbiSystem.app/iOS_youbiSystem";
			};
			name = Debug;
		};
		60570E7E1D33704400ED6886 /* Release */ = {
			isa = XCBuildConfiguration;
			baseConfigurationReference = 071B07C21BC67D5612CFDCC8 /* Pods-iOS_youbiSystemTests.release.xcconfig */;
			buildSettings = {
				BUNDLE_LOADER = "$(TEST_HOST)";
				INFOPLIST_FILE = iOS_youbiSystemTests/Info.plist;
				LD_RUNPATH_SEARCH_PATHS = "$(inherited) @executable_path/Frameworks @loader_path/Frameworks";
				PRODUCT_BUNDLE_IDENTIFIER = "huotu.iOS-youbiSystemTests";
				PRODUCT_NAME = "$(TARGET_NAME)";
				TEST_HOST = "$(BUILT_PRODUCTS_DIR)/iOS_youbiSystem.app/iOS_youbiSystem";
			};
			name = Release;
		};
		60570E801D33704400ED6886 /* Debug */ = {
			isa = XCBuildConfiguration;
			baseConfigurationReference = A1C807CD072BC559462E37F2 /* Pods-iOS_youbiSystemUITests.debug.xcconfig */;
			buildSettings = {
				INFOPLIST_FILE = iOS_youbiSystemUITests/Info.plist;
				LD_RUNPATH_SEARCH_PATHS = "$(inherited) @executable_path/Frameworks @loader_path/Frameworks";
				PRODUCT_BUNDLE_IDENTIFIER = "huotu.iOS-youbiSystemUITests";
				PRODUCT_NAME = "$(TARGET_NAME)";
				TEST_TARGET_NAME = iOS_youbiSystem;
			};
			name = Debug;
		};
		60570E811D33704400ED6886 /* Release */ = {
			isa = XCBuildConfiguration;
			baseConfigurationReference = 5EDBE6F2EC6D02EFE49AEC31 /* Pods-iOS_youbiSystemUITests.release.xcconfig */;
			buildSettings = {
				INFOPLIST_FILE = iOS_youbiSystemUITests/Info.plist;
				LD_RUNPATH_SEARCH_PATHS = "$(inherited) @executable_path/Frameworks @loader_path/Frameworks";
				PRODUCT_BUNDLE_IDENTIFIER = "huotu.iOS-youbiSystemUITests";
				PRODUCT_NAME = "$(TARGET_NAME)";
				TEST_TARGET_NAME = iOS_youbiSystem;
			};
			name = Release;
		};
/* End XCBuildConfiguration section */

/* Begin XCConfigurationList section */
		60570E471D33704300ED6886 /* Build configuration list for PBXProject "iOS_youbiSystem" */ = {
			isa = XCConfigurationList;
			buildConfigurations = (
				60570E771D33704400ED6886 /* Debug */,
				60570E781D33704400ED6886 /* Release */,
			);
			defaultConfigurationIsVisible = 0;
			defaultConfigurationName = Release;
		};
		60570E791D33704400ED6886 /* Build configuration list for PBXNativeTarget "iOS_youbiSystem" */ = {
			isa = XCConfigurationList;
			buildConfigurations = (
				60570E7A1D33704400ED6886 /* Debug */,
				60570E7B1D33704400ED6886 /* Release */,
			);
			defaultConfigurationIsVisible = 0;
			defaultConfigurationName = Release;
		};
		60570E7C1D33704400ED6886 /* Build configuration list for PBXNativeTarget "iOS_youbiSystemTests" */ = {
			isa = XCConfigurationList;
			buildConfigurations = (
				60570E7D1D33704400ED6886 /* Debug */,
				60570E7E1D33704400ED6886 /* Release */,
			);
			defaultConfigurationIsVisible = 0;
			defaultConfigurationName = Release;
		};
		60570E7F1D33704400ED6886 /* Build configuration list for PBXNativeTarget "iOS_youbiSystemUITests" */ = {
			isa = XCConfigurationList;
			buildConfigurations = (
				60570E801D33704400ED6886 /* Debug */,
				60570E811D33704400ED6886 /* Release */,
			);
			defaultConfigurationIsVisible = 0;
			defaultConfigurationName = Release;
		};
/* End XCConfigurationList section */
	};
	rootObject = 60570E441D33704300ED6886 /* Project object */;
}
